// !$*UTF8*$!
{
	archiveVersion = 1;
	classes = {
	};
	objectVersion = 50;
	objects = {

/* Begin PBXBuildFile section */
		496B978524842907003613FA /* AppDelegate.swift in Sources */ = {isa = PBXBuildFile; fileRef = 496B978424842907003613FA /* AppDelegate.swift */; };
		496B978724842907003613FA /* SceneDelegate.swift in Sources */ = {isa = PBXBuildFile; fileRef = 496B978624842907003613FA /* SceneDelegate.swift */; };
		496B978924842907003613FA /* ViewController.swift in Sources */ = {isa = PBXBuildFile; fileRef = 496B978824842907003613FA /* ViewController.swift */; };
		496B978E24842908003613FA /* Assets.xcassets in Resources */ = {isa = PBXBuildFile; fileRef = 496B978D24842908003613FA /* Assets.xcassets */; };
		496B979124842908003613FA /* LaunchScreen.storyboard in Resources */ = {isa = PBXBuildFile; fileRef = 496B978F24842908003613FA /* LaunchScreen.storyboard */; };
		496B979A24842932003613FA /* RoundRectButton.swift in Sources */ = {isa = PBXBuildFile; fileRef = 496B979924842932003613FA /* RoundRectButton.swift */; };
		496B979C24843814003613FA /* NSAttributedString+SimpleMarkdown.swift in Sources */ = {isa = PBXBuildFile; fileRef = 496B979B24843814003613FA /* NSAttributedString+SimpleMarkdown.swift */; };
		496B979F24843FFF003613FA /* OnboardingIntroViewController.swift in Sources */ = {isa = PBXBuildFile; fileRef = 496B979E24843FFF003613FA /* OnboardingIntroViewController.swift */; };
		496B97A1248441B3003613FA /* Localizable.strings in Resources */ = {isa = PBXBuildFile; fileRef = 496B97A0248441B3003613FA /* Localizable.strings */; };
		496B97A324844544003613FA /* OnboardingIntroView.swift in Sources */ = {isa = PBXBuildFile; fileRef = 496B97A224844544003613FA /* OnboardingIntroView.swift */; };
		496B97A524844647003613FA /* OnboardingExplanationBluetoothViewController.swift in Sources */ = {isa = PBXBuildFile; fileRef = 496B97A424844647003613FA /* OnboardingExplanationBluetoothViewController.swift */; };
		496B97A724844828003613FA /* OnboardingExplanationNotificationViewController.swift in Sources */ = {isa = PBXBuildFile; fileRef = 496B97A624844828003613FA /* OnboardingExplanationNotificationViewController.swift */; };
		496B97A924844EAC003613FA /* OverflowScrollView.swift in Sources */ = {isa = PBXBuildFile; fileRef = 496B97A824844EAC003613FA /* OverflowScrollView.swift */; };
		496B97AE24847203003613FA /* TracingPermissionViewController.swift in Sources */ = {isa = PBXBuildFile; fileRef = 496B97AD24847203003613FA /* TracingPermissionViewController.swift */; };
		496B97B0248472F0003613FA /* UIView+Helper.swift in Sources */ = {isa = PBXBuildFile; fileRef = 496B97AF248472F0003613FA /* UIView+Helper.swift */; };
		496B97B22485046D003613FA /* Font.swift in Sources */ = {isa = PBXBuildFile; fileRef = 496B97B12485046D003613FA /* Font.swift */; };
		496B97B424850E39003613FA /* BluetoothPermissionViewController.swift in Sources */ = {isa = PBXBuildFile; fileRef = 496B97B324850E39003613FA /* BluetoothPermissionViewController.swift */; };
		496B97B724851103003613FA /* StatusViewController.swift in Sources */ = {isa = PBXBuildFile; fileRef = 496B97B624851103003613FA /* StatusViewController.swift */; };
		496B97B92485111B003613FA /* UIWindow+Helper.swift in Sources */ = {isa = PBXBuildFile; fileRef = 496B97B82485111B003613FA /* UIWindow+Helper.swift */; };
		496B97BB2485114E003613FA /* UIKit+CrossDisolveAnimations.swift in Sources */ = {isa = PBXBuildFile; fileRef = 496B97BA2485114E003613FA /* UIKit+CrossDisolveAnimations.swift */; };
		496B97BD24851289003613FA /* UITableView+Helper.swift in Sources */ = {isa = PBXBuildFile; fileRef = 496B97BC24851289003613FA /* UITableView+Helper.swift */; };
		496B97BF24851692003613FA /* GradientView.swift in Sources */ = {isa = PBXBuildFile; fileRef = 496B97BE24851692003613FA /* GradientView.swift */; };
		496B97C324851E7E003613FA /* ThemedNavigationController.swift in Sources */ = {isa = PBXBuildFile; fileRef = 496B97C224851E7E003613FA /* ThemedNavigationController.swift */; };
		496B97C5248539F3003613FA /* CustomTableViewHeader.swift in Sources */ = {isa = PBXBuildFile; fileRef = 496B97C4248539F3003613FA /* CustomTableViewHeader.swift */; };
		496B97C724853B15003613FA /* CircleView.swift in Sources */ = {isa = PBXBuildFile; fileRef = 496B97C624853B15003613FA /* CircleView.swift */; };
		496B97C92485519B003613FA /* StatusHeaderView.swift in Sources */ = {isa = PBXBuildFile; fileRef = 496B97C82485519B003613FA /* StatusHeaderView.swift */; };
		496B97CB24857D29003613FA /* UIImage+Helper.swift in Sources */ = {isa = PBXBuildFile; fileRef = 496B97CA24857D29003613FA /* UIImage+Helper.swift */; };
		496B97CD248582DF003613FA /* Color.swift in Sources */ = {isa = PBXBuildFile; fileRef = 496B97CC248582DF003613FA /* Color.swift */; };
		496B97CF24858A1F003613FA /* UIStackView+Helper.swift in Sources */ = {isa = PBXBuildFile; fileRef = 496B97CE24858A1F003613FA /* UIStackView+Helper.swift */; };
		496B97D124858A7C003613FA /* UILabel+Helper.swift in Sources */ = {isa = PBXBuildFile; fileRef = 496B97D024858A7C003613FA /* UILabel+Helper.swift */; };
		496B97D32485A759003613FA /* StatusNavigationController.swift in Sources */ = {isa = PBXBuildFile; fileRef = 496B97D22485A759003613FA /* StatusNavigationController.swift */; };
/* End PBXBuildFile section */

/* Begin PBXFileReference section */
		496B978124842907003613FA /* CovidDesign.app */ = {isa = PBXFileReference; explicitFileType = wrapper.application; includeInIndex = 0; path = CovidDesign.app; sourceTree = BUILT_PRODUCTS_DIR; };
		496B978424842907003613FA /* AppDelegate.swift */ = {isa = PBXFileReference; lastKnownFileType = sourcecode.swift; path = AppDelegate.swift; sourceTree = "<group>"; };
		496B978624842907003613FA /* SceneDelegate.swift */ = {isa = PBXFileReference; lastKnownFileType = sourcecode.swift; path = SceneDelegate.swift; sourceTree = "<group>"; };
		496B978824842907003613FA /* ViewController.swift */ = {isa = PBXFileReference; lastKnownFileType = sourcecode.swift; path = ViewController.swift; sourceTree = "<group>"; };
		496B978D24842908003613FA /* Assets.xcassets */ = {isa = PBXFileReference; lastKnownFileType = folder.assetcatalog; path = Assets.xcassets; sourceTree = "<group>"; };
		496B979024842908003613FA /* Base */ = {isa = PBXFileReference; lastKnownFileType = file.storyboard; name = Base; path = Base.lproj/LaunchScreen.storyboard; sourceTree = "<group>"; };
		496B979224842908003613FA /* Info.plist */ = {isa = PBXFileReference; lastKnownFileType = text.plist.xml; path = Info.plist; sourceTree = "<group>"; };
		496B979924842932003613FA /* RoundRectButton.swift */ = {isa = PBXFileReference; lastKnownFileType = sourcecode.swift; path = RoundRectButton.swift; sourceTree = "<group>"; };
		496B979B24843814003613FA /* NSAttributedString+SimpleMarkdown.swift */ = {isa = PBXFileReference; lastKnownFileType = sourcecode.swift; path = "NSAttributedString+SimpleMarkdown.swift"; sourceTree = "<group>"; };
		496B979E24843FFF003613FA /* OnboardingIntroViewController.swift */ = {isa = PBXFileReference; lastKnownFileType = sourcecode.swift; path = OnboardingIntroViewController.swift; sourceTree = "<group>"; };
		496B97A0248441B3003613FA /* Localizable.strings */ = {isa = PBXFileReference; lastKnownFileType = text.plist.strings; name = Localizable.strings; path = CovidDesign/Localizable.strings; sourceTree = "<group>"; };
		496B97A224844544003613FA /* OnboardingIntroView.swift */ = {isa = PBXFileReference; lastKnownFileType = sourcecode.swift; path = OnboardingIntroView.swift; sourceTree = "<group>"; };
		496B97A424844647003613FA /* OnboardingExplanationBluetoothViewController.swift */ = {isa = PBXFileReference; lastKnownFileType = sourcecode.swift; path = OnboardingExplanationBluetoothViewController.swift; sourceTree = "<group>"; };
		496B97A624844828003613FA /* OnboardingExplanationNotificationViewController.swift */ = {isa = PBXFileReference; lastKnownFileType = sourcecode.swift; path = OnboardingExplanationNotificationViewController.swift; sourceTree = "<group>"; };
		496B97A824844EAC003613FA /* OverflowScrollView.swift */ = {isa = PBXFileReference; lastKnownFileType = sourcecode.swift; path = OverflowScrollView.swift; sourceTree = "<group>"; };
		496B97AD24847203003613FA /* TracingPermissionViewController.swift */ = {isa = PBXFileReference; lastKnownFileType = sourcecode.swift; path = TracingPermissionViewController.swift; sourceTree = "<group>"; };
		496B97AF248472F0003613FA /* UIView+Helper.swift */ = {isa = PBXFileReference; lastKnownFileType = sourcecode.swift; path = "UIView+Helper.swift"; sourceTree = "<group>"; };
		496B97B12485046D003613FA /* Font.swift */ = {isa = PBXFileReference; lastKnownFileType = sourcecode.swift; path = Font.swift; sourceTree = "<group>"; };
		496B97B324850E39003613FA /* BluetoothPermissionViewController.swift */ = {isa = PBXFileReference; lastKnownFileType = sourcecode.swift; path = BluetoothPermissionViewController.swift; sourceTree = "<group>"; };
		496B97B624851103003613FA /* StatusViewController.swift */ = {isa = PBXFileReference; lastKnownFileType = sourcecode.swift; path = StatusViewController.swift; sourceTree = "<group>"; };
		496B97B82485111B003613FA /* UIWindow+Helper.swift */ = {isa = PBXFileReference; lastKnownFileType = sourcecode.swift; path = "UIWindow+Helper.swift"; sourceTree = "<group>"; };
		496B97BA2485114E003613FA /* UIKit+CrossDisolveAnimations.swift */ = {isa = PBXFileReference; lastKnownFileType = sourcecode.swift; path = "UIKit+CrossDisolveAnimations.swift"; sourceTree = "<group>"; };
		496B97BC24851289003613FA /* UITableView+Helper.swift */ = {isa = PBXFileReference; lastKnownFileType = sourcecode.swift; path = "UITableView+Helper.swift"; sourceTree = "<group>"; };
		496B97BE24851692003613FA /* GradientView.swift */ = {isa = PBXFileReference; lastKnownFileType = sourcecode.swift; path = GradientView.swift; sourceTree = "<group>"; };
		496B97C224851E7E003613FA /* ThemedNavigationController.swift */ = {isa = PBXFileReference; lastKnownFileType = sourcecode.swift; path = ThemedNavigationController.swift; sourceTree = "<group>"; };
		496B97C4248539F3003613FA /* CustomTableViewHeader.swift */ = {isa = PBXFileReference; lastKnownFileType = sourcecode.swift; path = CustomTableViewHeader.swift; sourceTree = "<group>"; };
		496B97C624853B15003613FA /* CircleView.swift */ = {isa = PBXFileReference; lastKnownFileType = sourcecode.swift; path = CircleView.swift; sourceTree = "<group>"; };
		496B97C82485519B003613FA /* StatusHeaderView.swift */ = {isa = PBXFileReference; lastKnownFileType = sourcecode.swift; path = StatusHeaderView.swift; sourceTree = "<group>"; };
		496B97CA24857D29003613FA /* UIImage+Helper.swift */ = {isa = PBXFileReference; lastKnownFileType = sourcecode.swift; path = "UIImage+Helper.swift"; sourceTree = "<group>"; };
		496B97CC248582DF003613FA /* Color.swift */ = {isa = PBXFileReference; lastKnownFileType = sourcecode.swift; path = Color.swift; sourceTree = "<group>"; };
		496B97CE24858A1F003613FA /* UIStackView+Helper.swift */ = {isa = PBXFileReference; lastKnownFileType = sourcecode.swift; path = "UIStackView+Helper.swift"; sourceTree = "<group>"; };
		496B97D024858A7C003613FA /* UILabel+Helper.swift */ = {isa = PBXFileReference; lastKnownFileType = sourcecode.swift; path = "UILabel+Helper.swift"; sourceTree = "<group>"; };
		496B97D22485A759003613FA /* StatusNavigationController.swift */ = {isa = PBXFileReference; lastKnownFileType = sourcecode.swift; path = StatusNavigationController.swift; sourceTree = "<group>"; };
/* End PBXFileReference section */

/* Begin PBXFrameworksBuildPhase section */
		496B977E24842907003613FA /* Frameworks */ = {
			isa = PBXFrameworksBuildPhase;
			buildActionMask = 2147483647;
			files = (
			);
			runOnlyForDeploymentPostprocessing = 0;
		};
/* End PBXFrameworksBuildPhase section */

/* Begin PBXGroup section */
		496B977824842907003613FA = {
			isa = PBXGroup;
			children = (
				496B97A0248441B3003613FA /* Localizable.strings */,
				496B978324842907003613FA /* CovidDesign */,
				496B978224842907003613FA /* Products */,
			);
			sourceTree = "<group>";
		};
		496B978224842907003613FA /* Products */ = {
			isa = PBXGroup;
			children = (
				496B978124842907003613FA /* CovidDesign.app */,
			);
			name = Products;
			sourceTree = "<group>";
		};
		496B978324842907003613FA /* CovidDesign */ = {
			isa = PBXGroup;
			children = (
				496B97B5248510F4003613FA /* Status */,
				496B979D24843FDE003613FA /* Onboarding */,
				496B97AC248471EE003613FA /* Permission */,
				496B979824842911003613FA /* Helper */,
				496B978424842907003613FA /* AppDelegate.swift */,
				496B978624842907003613FA /* SceneDelegate.swift */,
				496B978824842907003613FA /* ViewController.swift */,
				496B978D24842908003613FA /* Assets.xcassets */,
				496B978F24842908003613FA /* LaunchScreen.storyboard */,
				496B979224842908003613FA /* Info.plist */,
			);
			path = CovidDesign;
			sourceTree = "<group>";
		};
		496B979824842911003613FA /* Helper */ = {
			isa = PBXGroup;
			children = (
				496B97B12485046D003613FA /* Font.swift */,
				496B97CC248582DF003613FA /* Color.swift */,
				496B97A824844EAC003613FA /* OverflowScrollView.swift */,
				496B979924842932003613FA /* RoundRectButton.swift */,
				496B979B24843814003613FA /* NSAttributedString+SimpleMarkdown.swift */,
				496B97AF248472F0003613FA /* UIView+Helper.swift */,
				496B97B82485111B003613FA /* UIWindow+Helper.swift */,
				496B97BA2485114E003613FA /* UIKit+CrossDisolveAnimations.swift */,
				496B97BC24851289003613FA /* UITableView+Helper.swift */,
				496B97BE24851692003613FA /* GradientView.swift */,
				496B97C224851E7E003613FA /* ThemedNavigationController.swift */,
				496B97C4248539F3003613FA /* CustomTableViewHeader.swift */,
				496B97C624853B15003613FA /* CircleView.swift */,
				496B97CA24857D29003613FA /* UIImage+Helper.swift */,
				496B97CE24858A1F003613FA /* UIStackView+Helper.swift */,
				496B97D024858A7C003613FA /* UILabel+Helper.swift */,
			);
			path = Helper;
			sourceTree = "<group>";
		};
		496B979D24843FDE003613FA /* Onboarding */ = {
			isa = PBXGroup;
			children = (
				496B97A224844544003613FA /* OnboardingIntroView.swift */,
				496B979E24843FFF003613FA /* OnboardingIntroViewController.swift */,
				496B97A424844647003613FA /* OnboardingExplanationBluetoothViewController.swift */,
				496B97A624844828003613FA /* OnboardingExplanationNotificationViewController.swift */,
			);
			path = Onboarding;
			sourceTree = "<group>";
		};
		496B97AC248471EE003613FA /* Permission */ = {
			isa = PBXGroup;
			children = (
				496B97AD24847203003613FA /* TracingPermissionViewController.swift */,
				496B97B324850E39003613FA /* BluetoothPermissionViewController.swift */,
			);
			path = Permission;
			sourceTree = "<group>";
		};
		496B97B5248510F4003613FA /* Status */ = {
			isa = PBXGroup;
			children = (
				496B97B624851103003613FA /* StatusViewController.swift */,
				496B97C82485519B003613FA /* StatusHeaderView.swift */,
				496B97D22485A759003613FA /* StatusNavigationController.swift */,
			);
			path = Status;
			sourceTree = "<group>";
		};
/* End PBXGroup section */

/* Begin PBXNativeTarget section */
		496B978024842907003613FA /* CovidDesign */ = {
			isa = PBXNativeTarget;
			buildConfigurationList = 496B979524842908003613FA /* Build configuration list for PBXNativeTarget "CovidDesign" */;
			buildPhases = (
				496B977D24842907003613FA /* Sources */,
				496B977E24842907003613FA /* Frameworks */,
				496B977F24842907003613FA /* Resources */,
			);
			buildRules = (
			);
			dependencies = (
			);
			name = CovidDesign;
			productName = CovidDesign;
			productReference = 496B978124842907003613FA /* CovidDesign.app */;
			productType = "com.apple.product-type.application";
		};
/* End PBXNativeTarget section */

/* Begin PBXProject section */
		496B977924842907003613FA /* Project object */ = {
			isa = PBXProject;
			attributes = {
				LastSwiftUpdateCheck = 1130;
				LastUpgradeCheck = 1130;
				ORGANIZATIONNAME = "Andreas Verhoeven";
				TargetAttributes = {
					496B978024842907003613FA = {
						CreatedOnToolsVersion = 11.3.1;
					};
				};
			};
			buildConfigurationList = 496B977C24842907003613FA /* Build configuration list for PBXProject "CovidDesign" */;
			compatibilityVersion = "Xcode 9.3";
			developmentRegion = en;
			hasScannedForEncodings = 0;
			knownRegions = (
				en,
				Base,
			);
			mainGroup = 496B977824842907003613FA;
			productRefGroup = 496B978224842907003613FA /* Products */;
			projectDirPath = "";
			projectRoot = "";
			targets = (
				496B978024842907003613FA /* CovidDesign */,
			);
		};
/* End PBXProject section */

/* Begin PBXResourcesBuildPhase section */
		496B977F24842907003613FA /* Resources */ = {
			isa = PBXResourcesBuildPhase;
			buildActionMask = 2147483647;
			files = (
				496B979124842908003613FA /* LaunchScreen.storyboard in Resources */,
				496B97A1248441B3003613FA /* Localizable.strings in Resources */,
				496B978E24842908003613FA /* Assets.xcassets in Resources */,
			);
			runOnlyForDeploymentPostprocessing = 0;
		};
/* End PBXResourcesBuildPhase section */

/* Begin PBXSourcesBuildPhase section */
		496B977D24842907003613FA /* Sources */ = {
			isa = PBXSourcesBuildPhase;
			buildActionMask = 2147483647;
			files = (
				496B97C324851E7E003613FA /* ThemedNavigationController.swift in Sources */,
				496B978924842907003613FA /* ViewController.swift in Sources */,
				496B97B424850E39003613FA /* BluetoothPermissionViewController.swift in Sources */,
				496B97BF24851692003613FA /* GradientView.swift in Sources */,
				496B97A524844647003613FA /* OnboardingExplanationBluetoothViewController.swift in Sources */,
				496B97BD24851289003613FA /* UITableView+Helper.swift in Sources */,
				496B97C724853B15003613FA /* CircleView.swift in Sources */,
				496B97C5248539F3003613FA /* CustomTableViewHeader.swift in Sources */,
				496B97BB2485114E003613FA /* UIKit+CrossDisolveAnimations.swift in Sources */,
				496B97B22485046D003613FA /* Font.swift in Sources */,
				496B97A324844544003613FA /* OnboardingIntroView.swift in Sources */,
				496B978524842907003613FA /* AppDelegate.swift in Sources */,
				496B97AE24847203003613FA /* TracingPermissionViewController.swift in Sources */,
				496B97C92485519B003613FA /* StatusHeaderView.swift in Sources */,
				496B979F24843FFF003613FA /* OnboardingIntroViewController.swift in Sources */,
				496B97B724851103003613FA /* StatusViewController.swift in Sources */,
				496B97A724844828003613FA /* OnboardingExplanationNotificationViewController.swift in Sources */,
				496B979A24842932003613FA /* RoundRectButton.swift in Sources */,
				496B97D32485A759003613FA /* StatusNavigationController.swift in Sources */,
				496B97CD248582DF003613FA /* Color.swift in Sources */,
				496B97CF24858A1F003613FA /* UIStackView+Helper.swift in Sources */,
				496B97B0248472F0003613FA /* UIView+Helper.swift in Sources */,
				496B97CB24857D29003613FA /* UIImage+Helper.swift in Sources */,
				496B97B92485111B003613FA /* UIWindow+Helper.swift in Sources */,
				496B979C24843814003613FA /* NSAttributedString+SimpleMarkdown.swift in Sources */,
				496B97D124858A7C003613FA /* UILabel+Helper.swift in Sources */,
				496B978724842907003613FA /* SceneDelegate.swift in Sources */,
				496B97A924844EAC003613FA /* OverflowScrollView.swift in Sources */,
			);
			runOnlyForDeploymentPostprocessing = 0;
		};
/* End PBXSourcesBuildPhase section */

/* Begin PBXVariantGroup section */
		496B978F24842908003613FA /* LaunchScreen.storyboard */ = {
			isa = PBXVariantGroup;
			children = (
				496B979024842908003613FA /* Base */,
			);
			name = LaunchScreen.storyboard;
			sourceTree = "<group>";
		};
/* End PBXVariantGroup section */

/* Begin XCBuildConfiguration section */
		496B979324842908003613FA /* Debug */ = {
			isa = XCBuildConfiguration;
			buildSettings = {
				ALWAYS_SEARCH_USER_PATHS = NO;
				CLANG_ANALYZER_NONNULL = YES;
				CLANG_ANALYZER_NUMBER_OBJECT_CONVERSION = YES_AGGRESSIVE;
				CLANG_CXX_LANGUAGE_STANDARD = "gnu++14";
				CLANG_CXX_LIBRARY = "libc++";
				CLANG_ENABLE_MODULES = YES;
				CLANG_ENABLE_OBJC_ARC = YES;
				CLANG_ENABLE_OBJC_WEAK = YES;
				CLANG_WARN_BLOCK_CAPTURE_AUTORELEASING = YES;
				CLANG_WARN_BOOL_CONVERSION = YES;
				CLANG_WARN_COMMA = YES;
				CLANG_WARN_CONSTANT_CONVERSION = YES;
				CLANG_WARN_DEPRECATED_OBJC_IMPLEMENTATIONS = YES;
				CLANG_WARN_DIRECT_OBJC_ISA_USAGE = YES_ERROR;
				CLANG_WARN_DOCUMENTATION_COMMENTS = YES;
				CLANG_WARN_EMPTY_BODY = YES;
				CLANG_WARN_ENUM_CONVERSION = YES;
				CLANG_WARN_INFINITE_RECURSION = YES;
				CLANG_WARN_INT_CONVERSION = YES;
				CLANG_WARN_NON_LITERAL_NULL_CONVERSION = YES;
				CLANG_WARN_OBJC_IMPLICIT_RETAIN_SELF = YES;
				CLANG_WARN_OBJC_LITERAL_CONVERSION = YES;
				CLANG_WARN_OBJC_ROOT_CLASS = YES_ERROR;
				CLANG_WARN_RANGE_LOOP_ANALYSIS = YES;
				CLANG_WARN_STRICT_PROTOTYPES = YES;
				CLANG_WARN_SUSPICIOUS_MOVE = YES;
				CLANG_WARN_UNGUARDED_AVAILABILITY = YES_AGGRESSIVE;
				CLANG_WARN_UNREACHABLE_CODE = YES;
				CLANG_WARN__DUPLICATE_METHOD_MATCH = YES;
				COPY_PHASE_STRIP = NO;
				DEBUG_INFORMATION_FORMAT = dwarf;
				ENABLE_STRICT_OBJC_MSGSEND = YES;
				ENABLE_TESTABILITY = YES;
				GCC_C_LANGUAGE_STANDARD = gnu11;
				GCC_DYNAMIC_NO_PIC = NO;
				GCC_NO_COMMON_BLOCKS = YES;
				GCC_OPTIMIZATION_LEVEL = 0;
				GCC_PREPROCESSOR_DEFINITIONS = (
					"DEBUG=1",
					"$(inherited)",
				);
				GCC_WARN_64_TO_32_BIT_CONVERSION = YES;
				GCC_WARN_ABOUT_RETURN_TYPE = YES_ERROR;
				GCC_WARN_UNDECLARED_SELECTOR = YES;
				GCC_WARN_UNINITIALIZED_AUTOS = YES_AGGRESSIVE;
				GCC_WARN_UNUSED_FUNCTION = YES;
				GCC_WARN_UNUSED_VARIABLE = YES;
				IPHONEOS_DEPLOYMENT_TARGET = 13.2;
				MTL_ENABLE_DEBUG_INFO = INCLUDE_SOURCE;
				MTL_FAST_MATH = YES;
				ONLY_ACTIVE_ARCH = YES;
				SDKROOT = iphoneos;
				SWIFT_ACTIVE_COMPILATION_CONDITIONS = DEBUG;
				SWIFT_OPTIMIZATION_LEVEL = "-Onone";
			};
			name = Debug;
		};
		496B979424842908003613FA /* Release */ = {
			isa = XCBuildConfiguration;
			buildSettings = {
				ALWAYS_SEARCH_USER_PATHS = NO;
				CLANG_ANALYZER_NONNULL = YES;
				CLANG_ANALYZER_NUMBER_OBJECT_CONVERSION = YES_AGGRESSIVE;
				CLANG_CXX_LANGUAGE_STANDARD = "gnu++14";
				CLANG_CXX_LIBRARY = "libc++";
				CLANG_ENABLE_MODULES = YES;
				CLANG_ENABLE_OBJC_ARC = YES;
				CLANG_ENABLE_OBJC_WEAK = YES;
				CLANG_WARN_BLOCK_CAPTURE_AUTORELEASING = YES;
				CLANG_WARN_BOOL_CONVERSION = YES;
				CLANG_WARN_COMMA = YES;
				CLANG_WARN_CONSTANT_CONVERSION = YES;
				CLANG_WARN_DEPRECATED_OBJC_IMPLEMENTATIONS = YES;
				CLANG_WARN_DIRECT_OBJC_ISA_USAGE = YES_ERROR;
				CLANG_WARN_DOCUMENTATION_COMMENTS = YES;
				CLANG_WARN_EMPTY_BODY = YES;
				CLANG_WARN_ENUM_CONVERSION = YES;
				CLANG_WARN_INFINITE_RECURSION = YES;
				CLANG_WARN_INT_CONVERSION = YES;
				CLANG_WARN_NON_LITERAL_NULL_CONVERSION = YES;
				CLANG_WARN_OBJC_IMPLICIT_RETAIN_SELF = YES;
				CLANG_WARN_OBJC_LITERAL_CONVERSION = YES;
				CLANG_WARN_OBJC_ROOT_CLASS = YES_ERROR;
				CLANG_WARN_RANGE_LOOP_ANALYSIS = YES;
				CLANG_WARN_STRICT_PROTOTYPES = YES;
				CLANG_WARN_SUSPICIOUS_MOVE = YES;
				CLANG_WARN_UNGUARDED_AVAILABILITY = YES_AGGRESSIVE;
				CLANG_WARN_UNREACHABLE_CODE = YES;
				CLANG_WARN__DUPLICATE_METHOD_MATCH = YES;
				COPY_PHASE_STRIP = NO;
				DEBUG_INFORMATION_FORMAT = "dwarf-with-dsym";
				ENABLE_NS_ASSERTIONS = NO;
				ENABLE_STRICT_OBJC_MSGSEND = YES;
				GCC_C_LANGUAGE_STANDARD = gnu11;
				GCC_NO_COMMON_BLOCKS = YES;
				GCC_WARN_64_TO_32_BIT_CONVERSION = YES;
				GCC_WARN_ABOUT_RETURN_TYPE = YES_ERROR;
				GCC_WARN_UNDECLARED_SELECTOR = YES;
				GCC_WARN_UNINITIALIZED_AUTOS = YES_AGGRESSIVE;
				GCC_WARN_UNUSED_FUNCTION = YES;
				GCC_WARN_UNUSED_VARIABLE = YES;
				IPHONEOS_DEPLOYMENT_TARGET = 13.2;
				MTL_ENABLE_DEBUG_INFO = NO;
				MTL_FAST_MATH = YES;
				SDKROOT = iphoneos;
				SWIFT_COMPILATION_MODE = wholemodule;
				SWIFT_OPTIMIZATION_LEVEL = "-O";
				VALIDATE_PRODUCT = YES;
			};
			name = Release;
		};
		496B979624842908003613FA /* Debug */ = {
			isa = XCBuildConfiguration;
			buildSettings = {
				ASSETCATALOG_COMPILER_APPICON_NAME = AppIcon;
				CODE_SIGN_STYLE = Automatic;
				DEVELOPMENT_TEAM = P4CZV2X6XB;
				INFOPLIST_FILE = CovidDesign/Info.plist;
				LD_RUNPATH_SEARCH_PATHS = (
					"$(inherited)",
					"@executable_path/Frameworks",
				);
				PRODUCT_BUNDLE_IDENTIFIER = com.bikkelbroeders.CovidDesign;
				PRODUCT_NAME = "$(TARGET_NAME)";
				SWIFT_VERSION = 5.0;
				TARGETED_DEVICE_FAMILY = "1,2";
			};
			name = Debug;
		};
		496B979724842908003613FA /* Release */ = {
			isa = XCBuildConfiguration;
			buildSettings = {
				ASSETCATALOG_COMPILER_APPICON_NAME = AppIcon;
				CODE_SIGN_STYLE = Automatic;
				DEVELOPMENT_TEAM = P4CZV2X6XB;
				INFOPLIST_FILE = CovidDesign/Info.plist;
				LD_RUNPATH_SEARCH_PATHS = (
					"$(inherited)",
					"@executable_path/Frameworks",
				);
				PRODUCT_BUNDLE_IDENTIFIER = com.bikkelbroeders.CovidDesign;
				PRODUCT_NAME = "$(TARGET_NAME)";
				SWIFT_VERSION = 5.0;
				TARGETED_DEVICE_FAMILY = "1,2";
			};
			name = Release;
		};
/* End XCBuildConfiguration section */

/* Begin XCConfigurationList section */
		496B977C24842907003613FA /* Build configuration list for PBXProject "CovidDesign" */ = {
			isa = XCConfigurationList;
			buildConfigurations = (
				496B979324842908003613FA /* Debug */,
				496B979424842908003613FA /* Release */,
			);
			defaultConfigurationIsVisible = 0;
			defaultConfigurationName = Release;
		};
		496B979524842908003613FA /* Build configuration list for PBXNativeTarget "CovidDesign" */ = {
			isa = XCConfigurationList;
			buildConfigurations = (
				496B979624842908003613FA /* Debug */,
				496B979724842908003613FA /* Release */,
			);
			defaultConfigurationIsVisible = 0;
			defaultConfigurationName = Release;
		};
/* End XCConfigurationList section */
	};
	rootObject = 496B977924842907003613FA /* Project object */;
}
